<?xml version="1.0" encoding="utf-8"?>
<Project ToolsVersion="4.0" xmlns="http://schemas.microsoft.com/developer/msbuild/2003">
  <ItemGroup>
    <Filter Include="Source files">
      <UniqueIdentifier>{4FC737F1-C7A5-4376-A066-2A32D752A2FF}</UniqueIdentifier>
      <Extensions>cpp;c;cc;cxx;c++;cppm;ixx;def;odl;idl;hpj;bat;asm;asmx</Extensions>
    </Filter>
    <Filter Include="Header files">
      <UniqueIdentifier>{93995380-89BD-4b04-88EB-625FBE52EBFB}</UniqueIdentifier>
      <Extensions>h;hh;hpp;hxx;h++;hm;inl;inc;ipp;xsd</Extensions>
    </Filter>
    <Filter Include="Resource files">
      <UniqueIdentifier>{67DA6AB6-F800-4c08-8B7A-83BB121AAD01}</UniqueIdentifier>
      <Extensions>rc;ico;cur;bmp;dlg;rc2;rct;bin;rgs;gif;jpg;jpeg;jpe;resx;tiff;tif;png;wav;mfcribbon-ms</Extensions>
    </Filter>
  </ItemGroup>
  <ItemGroup>
    <ClInclude Include="GalaxySystemsChat.h">
      <Filter>Header files</Filter>
    </ClInclude>
    <ClInclude Include="GalaxySystemsChatDlg.h">
      <Filter>Header files</Filter>
    </ClInclude>
    <ClInclude Include="DlgProxy.h">
      <Filter>Header files</Filter>
    </ClInclude>
    <ClInclude Include="framework.h">
      <Filter>Header files</Filter>
    </ClInclude>
    <ClInclude Include="targetver.h">
      <Filter>Header files</Filter>
    </ClInclude>
    <ClInclude Include="Resource.h">
      <Filter>Header files</Filter>
    </ClInclude>
    <ClInclude Include="pch.h">
      <Filter>Header files</Filter>
    </ClInclude>
    <ClInclude Include="encrypt\encrypt_xor\encrypt_xor.h">
      <Filter>Header files</Filter>
    </ClInclude>
    <ClInclude Include="network\ip_4\BlockSock_ip_4.h">
      <Filter>Header files</Filter>
    </ClInclude>
    <ClInclude Include="network\ip_6\BlockSock_ip_6.h">
      <Filter>Header files</Filter>
    </ClInclude>
    <ClInclude Include="TabPageDialog.h">
      <Filter>Header files</Filter>
    </ClInclude>
    <ClInclude Include="CAboutDialog.h">
      <Filter>Header files</Filter>
    </ClInclude>
  </ItemGroup>
  <ItemGroup>
    <ClCompile Include="GalaxySystemsChat.cpp">
      <Filter>Source files</Filter>
    </ClCompile>
    <ClCompile Include="GalaxySystemsChatDlg.cpp">
      <Filter>Source files</Filter>
    </ClCompile>
    <ClCompile Include="DlgProxy.cpp">
      <Filter>Source files</Filter>
    </ClCompile>
    <ClCompile Include="pch.cpp">
      <Filter>Source files</Filter>
    </ClCompile>
    <ClCompile Include="encrypt\encrypt_xor\encrypt_xor.cpp">
      <Filter>Source files</Filter>
    </ClCompile>
    <ClCompile Include="network\ip_4\BlockSock_ip_4.cpp">
      <Filter>Source files</Filter>
    </ClCompile>
    <ClCompile Include="network\ip_6\BlockSock_ip_6.cpp">
      <Filter>Source files</Filter>
    </ClCompile>
    <ClCompile Include="TabPageDialog.cpp">
      <Filter>Source files</Filter>
    </ClCompile>
    <ClCompile Include="CAboutDialog.cpp">
      <Filter>Source files</Filter>
    </ClCompile>
  </ItemGroup>
  <ItemGroup>
    <Midl Include="GalaxySystemsChat.idl">
      <Filter>Source files</Filter>
    </Midl>
  </ItemGroup>
  <ItemGroup>
    <None Include="GalaxySystemsChat.reg" />
    <None Include="res\GalaxySystemsChat.rc2">
      <Filter>Resource files</Filter>
    </None>
  </ItemGroup>
  <ItemGroup>
    <ResourceCompile Include="GalaxySystemsChat.rc">
      <Filter>Resource files</Filter>
    </ResourceCompile>
  </ItemGroup>
  <ItemGroup>
    <Image Include="res\GalaxySystemsChat.ico">
      <Filter>Resource files</Filter>
    </Image>
  </ItemGroup>
</Project>